{
  "requires": true,
  "lockfileVersion": 1,
  "dependencies": {
    "maniknpm": {
      "version": "1.0.0",
      "resolved": "https://varunartifact-276701924684.d.codeartifact.us-east-1.amazonaws.com:443/npm/varunArtifact/maniknpm/-/maniknpm-1.0.0.tgz",
      "integrity": "sha512-Znm5+nCW+wwEqguBpR8a9fGV6gukdUC4Bdx7QiipXOWoR7Z8kjGoTL7DZhrO/5HaPUB3OHEAaougimSWgY2UaA=="
    }
  }
}
